{
  "lockfileVersion": 2,
  "configVersion": 0,
  "workspaces": {
    "": {
      "name": "tibo",
      "devDependencies": {
        "eliscript": "file:../eliscript",
      },
    },
  },
  "packages": {
    "eliscript": ["eliscript@file:../eliscript", { "bin": { "eliscript": "bootstrap/host/eliscript-cli.mjs", "eliscript-build": "bootstrap/host/eliscript-cli.mjs", "eliscript-check": "bootstrap/host/eliscript-cli.mjs", "eliscript-eval": "bootstrap/host/eliscript-cli.mjs", "eliscript-format": "bootstrap/host/eliscript-cli.mjs", "eliscript-watch": "bootstrap/host/eliscript-cli.mjs" } }],
  }
}
